
Microsoft Visual Studio Solution File, Format Version 12.00
# Visual Studio 15
VisualStudioVersion = 15.0.26730.3
MinimumVisualStudioVersion = 10.0.40219.1
Project("{9092AA53-FB77-4645-B42D-1CCCA6BD08BD}") = "NodejsConsoleApp1", "NodejsConsoleApp1\NodejsConsoleApp1.njsproj", "{A276CBAF-FF47-4A0F-8CF3-D66785349798}"
EndProject
Global
	GlobalSection(SolutionConfigurationPlatforms) = preSolution
		Debug|Any CPU = Debug|Any CPU
		Release|Any CPU = Release|Any CPU
	EndGlobalSection
	GlobalSection(ProjectConfigurationPlatforms) = postSolution
		{A276CBAF-FF47-4A0F-8CF3-D66785349798}.Debug|Any CPU.ActiveCfg = Debug|Any CPU
		{A276CBAF-FF47-4A0F-8CF3-D66785349798}.Debug|Any CPU.Build.0 = Debug|Any CPU
		{A276CBAF-FF47-4A0F-8CF3-D66785349798}.Release|Any CPU.ActiveCfg = Release|Any CPU
		{A276CBAF-FF47-4A0F-8CF3-D66785349798}.Release|Any CPU.Build.0 = Release|Any CPU
	EndGlobalSection
	GlobalSection(SolutionProperties) = preSolution
		HideSolutionNode = FALSE
	EndGlobalSection
	GlobalSection(ExtensibilityGlobals) = postSolution
		SolutionGuid = {DF7F92AD-BE6B-4B81-B4E9-8F33CD79268C}
	EndGlobalSection
EndGlobal
